# THIS IS AN AUTOGENERATED FILE. DO NOT EDIT THIS FILE DIRECTLY.
# yarn lockfile v1


mime-db@^1.38.0:
  version "1.38.0"
  resolved "https://registry.yarnpkg.com/mime-db/-/mime-db-1.38.0.tgz#1a2aab16da9eb167b49c6e4df2d9c68d63d8e2ad"
  integrity sha512-bqVioMFFzc2awcdJZIzR3HjZFX20QhilVS7hytkKrv7xFAn8bM1gzc/FOX2awLISvWe0PV8ptFKcon+wZ5qYkg==
